
Microsoft Visual Studio Solution File, Format Version 12.00
# Visual Studio Version 16
VisualStudioVersion = 16.0.30503.244
MinimumVisualStudioVersion = 10.0.40219.1
Project("{FAE04EC0-301F-11D3-BF4B-00C04F79EFBC}") = "CreditClicker", "CreditClicker.csproj", "{4F17BAE2-1D0A-4680-8EF6-B40A1347DAA8}"
EndProject
Project("{54435603-DBB4-11D2-8724-00A0C9A8B90C}") = "CreditClickerSetup", "..\CreditClickerSetup\CreditClickerSetup.vdproj", "{58F8E614-EC3B-4E11-971F-57AA9CAE7D8F}"
EndProject
Global
	GlobalSection(SolutionConfigurationPlatforms) = preSolution
		Debug|Any CPU = Debug|Any CPU
		Release|Any CPU = Release|Any CPU
	EndGlobalSection
	GlobalSection(ProjectConfigurationPlatforms) = postSolution
		{4F17BAE2-1D0A-4680-8EF6-B40A1347DAA8}.Debug|Any CPU.ActiveCfg = Release|Any CPU
		{4F17BAE2-1D0A-4680-8EF6-B40A1347DAA8}.Debug|Any CPU.Build.0 = Release|Any CPU
		{4F17BAE2-1D0A-4680-8EF6-B40A1347DAA8}.Release|Any CPU.ActiveCfg = Release|Any CPU
		{4F17BAE2-1D0A-4680-8EF6-B40A1347DAA8}.Release|Any CPU.Build.0 = Release|Any CPU
		{58F8E614-EC3B-4E11-971F-57AA9CAE7D8F}.Debug|Any CPU.ActiveCfg = Debug
		{58F8E614-EC3B-4E11-971F-57AA9CAE7D8F}.Release|Any CPU.ActiveCfg = Release
	EndGlobalSection
	GlobalSection(SolutionProperties) = preSolution
		HideSolutionNode = FALSE
	EndGlobalSection
	GlobalSection(ExtensibilityGlobals) = postSolution
		SolutionGuid = {94F9E031-37D9-4B81-BDE2-45D0D6EAF94D}
	EndGlobalSection
EndGlobal
